
Microsoft Visual Studio Solution File, Format Version 12.00
# Visual Studio 2015
Project("{FAE04EC0-301F-11D3-BF4B-00C04F79EFBC}") = "Tale.CSharp.Plugins", "Tale.CSharp.Plugins.csproj", "{53CE0268-9AF9-ABEC-75F6-5BA2CF3902C3}"
EndProject
Project("{FAE04EC0-301F-11D3-BF4B-00C04F79EFBC}") = "Tale.CSharp", "Tale.CSharp.csproj", "{FDCF8C56-BF64-F371-3DE4-0EDAA3475BA6}"
EndProject
Project("{FAE04EC0-301F-11D3-BF4B-00C04F79EFBC}") = "Tale.CSharp.Editor", "Tale.CSharp.Editor.csproj", "{A67562F5-54E6-46CF-006A-9797FC41D8A8}"
EndProject
Global
	GlobalSection(SolutionConfigurationPlatforms) = preSolution
		Debug|Any CPU = Debug|Any CPU
		Release|Any CPU = Release|Any CPU
	EndGlobalSection
	GlobalSection(ProjectConfigurationPlatforms) = postSolution
		{53CE0268-9AF9-ABEC-75F6-5BA2CF3902C3}.Debug|Any CPU.ActiveCfg = Debug|Any CPU
		{53CE0268-9AF9-ABEC-75F6-5BA2CF3902C3}.Debug|Any CPU.Build.0 = Debug|Any CPU
		{53CE0268-9AF9-ABEC-75F6-5BA2CF3902C3}.Release|Any CPU.ActiveCfg = Release|Any CPU
		{53CE0268-9AF9-ABEC-75F6-5BA2CF3902C3}.Release|Any CPU.Build.0 = Release|Any CPU
		{FDCF8C56-BF64-F371-3DE4-0EDAA3475BA6}.Debug|Any CPU.ActiveCfg = Debug|Any CPU
		{FDCF8C56-BF64-F371-3DE4-0EDAA3475BA6}.Debug|Any CPU.Build.0 = Debug|Any CPU
		{FDCF8C56-BF64-F371-3DE4-0EDAA3475BA6}.Release|Any CPU.ActiveCfg = Release|Any CPU
		{FDCF8C56-BF64-F371-3DE4-0EDAA3475BA6}.Release|Any CPU.Build.0 = Release|Any CPU
		{A67562F5-54E6-46CF-006A-9797FC41D8A8}.Debug|Any CPU.ActiveCfg = Debug|Any CPU
		{A67562F5-54E6-46CF-006A-9797FC41D8A8}.Debug|Any CPU.Build.0 = Debug|Any CPU
		{A67562F5-54E6-46CF-006A-9797FC41D8A8}.Release|Any CPU.ActiveCfg = Release|Any CPU
		{A67562F5-54E6-46CF-006A-9797FC41D8A8}.Release|Any CPU.Build.0 = Release|Any CPU
	EndGlobalSection
	GlobalSection(SolutionProperties) = preSolution
		HideSolutionNode = FALSE
	EndGlobalSection
EndGlobal
